
Microsoft Visual Studio Solution File, Format Version 12.00
# Visual Studio Version 16
VisualStudioVersion = 16.0.31129.286
MinimumVisualStudioVersion = 10.0.40219.1
Project("{9A19103F-16F7-4668-BE54-9A1E7A4F7556}") = "WpfApp1", "WpfApp1\WpfApp1.csproj", "{074243C9-0441-42AE-ACBB-880B667C326F}"
EndProject
Project("{9A19103F-16F7-4668-BE54-9A1E7A4F7556}") = "Microsoft.Maps.MapControl.WPF", "Microsoft.Maps.MapControl.WPF\Microsoft.Maps.MapControl.WPF.csproj", "{544E24D0-7F2F-4394-94BB-53566397E48E}"
EndProject
Global
	GlobalSection(SolutionConfigurationPlatforms) = preSolution
		Debug|Any CPU = Debug|Any CPU
		Release|Any CPU = Release|Any CPU
	EndGlobalSection
	GlobalSection(ProjectConfigurationPlatforms) = postSolution
		{074243C9-0441-42AE-ACBB-880B667C326F}.Debug|Any CPU.ActiveCfg = Debug|Any CPU
		{074243C9-0441-42AE-ACBB-880B667C326F}.Debug|Any CPU.Build.0 = Debug|Any CPU
		{074243C9-0441-42AE-ACBB-880B667C326F}.Release|Any CPU.ActiveCfg = Release|Any CPU
		{074243C9-0441-42AE-ACBB-880B667C326F}.Release|Any CPU.Build.0 = Release|Any CPU
		{544E24D0-7F2F-4394-94BB-53566397E48E}.Debug|Any CPU.ActiveCfg = Debug|Any CPU
		{544E24D0-7F2F-4394-94BB-53566397E48E}.Debug|Any CPU.Build.0 = Debug|Any CPU
		{544E24D0-7F2F-4394-94BB-53566397E48E}.Release|Any CPU.ActiveCfg = Release|Any CPU
		{544E24D0-7F2F-4394-94BB-53566397E48E}.Release|Any CPU.Build.0 = Release|Any CPU
	EndGlobalSection
	GlobalSection(SolutionProperties) = preSolution
		HideSolutionNode = FALSE
	EndGlobalSection
	GlobalSection(ExtensibilityGlobals) = postSolution
		SolutionGuid = {B55EA9AE-CCA9-4D01-A273-067FCEEB9B15}
	EndGlobalSection
EndGlobal
